
Microsoft Visual Studio Solution File, Format Version 12.00
# Visual Studio Version 17
VisualStudioVersion = 17.0.31903.59
MinimumVisualStudioVersion = 10.0.40219.1
Project("{9A19103F-16F7-4668-BE54-9A1E7A4F7556}") = "BNetServer", "Source\BNetServer\BNetServer.csproj", "{EEBFCEE3-CFAC-4D2E-927F-8E24E07A4218}"
EndProject
Project("{9A19103F-16F7-4668-BE54-9A1E7A4F7556}") = "WorldServer", "Source\WorldServer\WorldServer.csproj", "{E5DF8709-16D8-4357-976A-DF54AD3DDD66}"
EndProject
Project("{9A19103F-16F7-4668-BE54-9A1E7A4F7556}") = "Scripts", "Source\Scripts\Scripts.csproj", "{3B8C9AB8-2DC3-4655-BF67-AE2001D3B4F6}"
EndProject
Project("{9A19103F-16F7-4668-BE54-9A1E7A4F7556}") = "Game", "Source\Game\Game.csproj", "{1899C17C-1FA4-4807-B90E-0336C5748C1A}"
EndProject
Project("{9A19103F-16F7-4668-BE54-9A1E7A4F7556}") = "Framework", "Source\Framework\Framework.csproj", "{2F7515AD-18E3-4ACA-A14B-1929F76299E7}"
EndProject
Project("{2150E333-8FDC-42A3-9474-1A3956D46DE8}") = "Servers", "Servers", "{480EFA6E-4FEC-483A-8432-09964C3486E0}"
EndProject
Project("{2150E333-8FDC-42A3-9474-1A3956D46DE8}") = "Libs", "Libs", "{0C88588D-45B8-4AA9-8EEA-DB1A1BD19D19}"
EndProject
Global
	GlobalSection(SolutionConfigurationPlatforms) = preSolution
		Debug|Any CPU = Debug|Any CPU
		Release|Any CPU = Release|Any CPU
	EndGlobalSection
	GlobalSection(ProjectConfigurationPlatforms) = postSolution
		{EEBFCEE3-CFAC-4D2E-927F-8E24E07A4218}.Debug|Any CPU.ActiveCfg = Debug|Any CPU
		{EEBFCEE3-CFAC-4D2E-927F-8E24E07A4218}.Debug|Any CPU.Build.0 = Debug|Any CPU
		{EEBFCEE3-CFAC-4D2E-927F-8E24E07A4218}.Release|Any CPU.ActiveCfg = Release|Any CPU
		{EEBFCEE3-CFAC-4D2E-927F-8E24E07A4218}.Release|Any CPU.Build.0 = Release|Any CPU
		{E5DF8709-16D8-4357-976A-DF54AD3DDD66}.Debug|Any CPU.ActiveCfg = Debug|Any CPU
		{E5DF8709-16D8-4357-976A-DF54AD3DDD66}.Debug|Any CPU.Build.0 = Debug|Any CPU
		{E5DF8709-16D8-4357-976A-DF54AD3DDD66}.Release|Any CPU.ActiveCfg = Release|Any CPU
		{E5DF8709-16D8-4357-976A-DF54AD3DDD66}.Release|Any CPU.Build.0 = Release|Any CPU
		{3B8C9AB8-2DC3-4655-BF67-AE2001D3B4F6}.Debug|Any CPU.ActiveCfg = Debug|Any CPU
		{3B8C9AB8-2DC3-4655-BF67-AE2001D3B4F6}.Debug|Any CPU.Build.0 = Debug|Any CPU
		{3B8C9AB8-2DC3-4655-BF67-AE2001D3B4F6}.Release|Any CPU.ActiveCfg = Release|Any CPU
		{3B8C9AB8-2DC3-4655-BF67-AE2001D3B4F6}.Release|Any CPU.Build.0 = Release|Any CPU
		{1899C17C-1FA4-4807-B90E-0336C5748C1A}.Debug|Any CPU.ActiveCfg = Debug|Any CPU
		{1899C17C-1FA4-4807-B90E-0336C5748C1A}.Debug|Any CPU.Build.0 = Debug|Any CPU
		{1899C17C-1FA4-4807-B90E-0336C5748C1A}.Release|Any CPU.ActiveCfg = Release|Any CPU
		{1899C17C-1FA4-4807-B90E-0336C5748C1A}.Release|Any CPU.Build.0 = Release|Any CPU
		{2F7515AD-18E3-4ACA-A14B-1929F76299E7}.Debug|Any CPU.ActiveCfg = Debug|Any CPU
		{2F7515AD-18E3-4ACA-A14B-1929F76299E7}.Debug|Any CPU.Build.0 = Debug|Any CPU
		{2F7515AD-18E3-4ACA-A14B-1929F76299E7}.Release|Any CPU.ActiveCfg = Release|Any CPU
		{2F7515AD-18E3-4ACA-A14B-1929F76299E7}.Release|Any CPU.Build.0 = Release|Any CPU
	EndGlobalSection
	GlobalSection(SolutionProperties) = preSolution
		HideSolutionNode = FALSE
	EndGlobalSection
	GlobalSection(NestedProjects) = preSolution
		{EEBFCEE3-CFAC-4D2E-927F-8E24E07A4218} = {480EFA6E-4FEC-483A-8432-09964C3486E0}
		{E5DF8709-16D8-4357-976A-DF54AD3DDD66} = {480EFA6E-4FEC-483A-8432-09964C3486E0}
		{3B8C9AB8-2DC3-4655-BF67-AE2001D3B4F6} = {0C88588D-45B8-4AA9-8EEA-DB1A1BD19D19}
		{1899C17C-1FA4-4807-B90E-0336C5748C1A} = {0C88588D-45B8-4AA9-8EEA-DB1A1BD19D19}
		{2F7515AD-18E3-4ACA-A14B-1929F76299E7} = {0C88588D-45B8-4AA9-8EEA-DB1A1BD19D19}
	EndGlobalSection
	GlobalSection(ExtensibilityGlobals) = postSolution
		SolutionGuid = {836F0B44-1360-4E79-8ED9-F3D23C2ACEF5}
	EndGlobalSection
EndGlobal
