
Microsoft Visual Studio Solution File, Format Version 12.00
# Visual Studio Version 16
VisualStudioVersion = 16.0.29926.136
MinimumVisualStudioVersion = 10.0.40219.1
Project("{9A19103F-16F7-4668-BE54-9A1E7A4F7556}") = "BNetServer", "Source\BNetServer\BNetServer.csproj", "{EEBFCEE3-CFAC-4D2E-927F-8E24E07A4218}"
EndProject
Project("{9A19103F-16F7-4668-BE54-9A1E7A4F7556}") = "WorldServer", "Source\WorldServer\WorldServer.csproj", "{E5DF8709-16D8-4357-976A-DF54AD3DDD66}"
EndProject
Project("{9A19103F-16F7-4668-BE54-9A1E7A4F7556}") = "Scripts", "Source\Scripts\Scripts.csproj", "{3B8C9AB8-2DC3-4655-BF67-AE2001D3B4F6}"
EndProject
Project("{9A19103F-16F7-4668-BE54-9A1E7A4F7556}") = "Game", "Source\Game\Game.csproj", "{1899C17C-1FA4-4807-B90E-0336C5748C1A}"
EndProject
Project("{9A19103F-16F7-4668-BE54-9A1E7A4F7556}") = "Framework", "Source\Framework\Framework.csproj", "{2F7515AD-18E3-4ACA-A14B-1929F76299E7}"
EndProject
Project("{2150E333-8FDC-42A3-9474-1A3956D46DE8}") = "Servers", "Servers", "{480EFA6E-4FEC-483A-8432-09964C3486E0}"
EndProject
Project("{2150E333-8FDC-42A3-9474-1A3956D46DE8}") = "Libs", "Libs", "{0C88588D-45B8-4AA9-8EEA-DB1A1BD19D19}"
EndProject
Global
	GlobalSection(SolutionConfigurationPlatforms) = preSolution
		Debug|linux-x64 = Debug|linux-x64
		Debug|mac-x64 = Debug|mac-x64
		Debug|win-x64 = Debug|win-x64
		Release|linux-x64 = Release|linux-x64
		Release|mac-x64 = Release|mac-x64
		Release|win-x64 = Release|win-x64
	EndGlobalSection
	GlobalSection(ProjectConfigurationPlatforms) = postSolution
		{EEBFCEE3-CFAC-4D2E-927F-8E24E07A4218}.Debug|linux-x64.ActiveCfg = Debug|linux-x64
		{EEBFCEE3-CFAC-4D2E-927F-8E24E07A4218}.Debug|linux-x64.Build.0 = Debug|linux-x64
		{EEBFCEE3-CFAC-4D2E-927F-8E24E07A4218}.Debug|mac-x64.ActiveCfg = Debug|mac-x64
		{EEBFCEE3-CFAC-4D2E-927F-8E24E07A4218}.Debug|mac-x64.Build.0 = Debug|mac-x64
		{EEBFCEE3-CFAC-4D2E-927F-8E24E07A4218}.Debug|win-x64.ActiveCfg = Debug|win-x64
		{EEBFCEE3-CFAC-4D2E-927F-8E24E07A4218}.Debug|win-x64.Build.0 = Debug|win-x64
		{EEBFCEE3-CFAC-4D2E-927F-8E24E07A4218}.Release|linux-x64.ActiveCfg = Release|linux-x64
		{EEBFCEE3-CFAC-4D2E-927F-8E24E07A4218}.Release|linux-x64.Build.0 = Release|linux-x64
		{EEBFCEE3-CFAC-4D2E-927F-8E24E07A4218}.Release|mac-x64.ActiveCfg = Release|mac-x64
		{EEBFCEE3-CFAC-4D2E-927F-8E24E07A4218}.Release|mac-x64.Build.0 = Release|mac-x64
		{EEBFCEE3-CFAC-4D2E-927F-8E24E07A4218}.Release|win-x64.ActiveCfg = Release|win-x64
		{EEBFCEE3-CFAC-4D2E-927F-8E24E07A4218}.Release|win-x64.Build.0 = Release|win-x64
		{E5DF8709-16D8-4357-976A-DF54AD3DDD66}.Debug|linux-x64.ActiveCfg = Debug|linux-x64
		{E5DF8709-16D8-4357-976A-DF54AD3DDD66}.Debug|linux-x64.Build.0 = Debug|linux-x64
		{E5DF8709-16D8-4357-976A-DF54AD3DDD66}.Debug|mac-x64.ActiveCfg = Debug|mac-x64
		{E5DF8709-16D8-4357-976A-DF54AD3DDD66}.Debug|mac-x64.Build.0 = Debug|mac-x64
		{E5DF8709-16D8-4357-976A-DF54AD3DDD66}.Debug|win-x64.ActiveCfg = Debug|win-x64
		{E5DF8709-16D8-4357-976A-DF54AD3DDD66}.Debug|win-x64.Build.0 = Debug|win-x64
		{E5DF8709-16D8-4357-976A-DF54AD3DDD66}.Release|linux-x64.ActiveCfg = Release|linux-x64
		{E5DF8709-16D8-4357-976A-DF54AD3DDD66}.Release|linux-x64.Build.0 = Release|linux-x64
		{E5DF8709-16D8-4357-976A-DF54AD3DDD66}.Release|mac-x64.ActiveCfg = Release|mac-x64
		{E5DF8709-16D8-4357-976A-DF54AD3DDD66}.Release|mac-x64.Build.0 = Release|mac-x64
		{E5DF8709-16D8-4357-976A-DF54AD3DDD66}.Release|win-x64.ActiveCfg = Release|win-x64
		{E5DF8709-16D8-4357-976A-DF54AD3DDD66}.Release|win-x64.Build.0 = Release|win-x64
		{3B8C9AB8-2DC3-4655-BF67-AE2001D3B4F6}.Debug|linux-x64.ActiveCfg = Debug|x64
		{3B8C9AB8-2DC3-4655-BF67-AE2001D3B4F6}.Debug|linux-x64.Build.0 = Debug|x64
		{3B8C9AB8-2DC3-4655-BF67-AE2001D3B4F6}.Debug|mac-x64.ActiveCfg = Debug|x64
		{3B8C9AB8-2DC3-4655-BF67-AE2001D3B4F6}.Debug|mac-x64.Build.0 = Debug|x64
		{3B8C9AB8-2DC3-4655-BF67-AE2001D3B4F6}.Debug|win-x64.ActiveCfg = Debug|x64
		{3B8C9AB8-2DC3-4655-BF67-AE2001D3B4F6}.Debug|win-x64.Build.0 = Debug|x64
		{3B8C9AB8-2DC3-4655-BF67-AE2001D3B4F6}.Release|linux-x64.ActiveCfg = Release|x64
		{3B8C9AB8-2DC3-4655-BF67-AE2001D3B4F6}.Release|linux-x64.Build.0 = Release|x64
		{3B8C9AB8-2DC3-4655-BF67-AE2001D3B4F6}.Release|mac-x64.ActiveCfg = Release|x64
		{3B8C9AB8-2DC3-4655-BF67-AE2001D3B4F6}.Release|mac-x64.Build.0 = Release|x64
		{3B8C9AB8-2DC3-4655-BF67-AE2001D3B4F6}.Release|win-x64.ActiveCfg = Release|x64
		{3B8C9AB8-2DC3-4655-BF67-AE2001D3B4F6}.Release|win-x64.Build.0 = Release|x64
		{1899C17C-1FA4-4807-B90E-0336C5748C1A}.Debug|linux-x64.ActiveCfg = Debug|x64
		{1899C17C-1FA4-4807-B90E-0336C5748C1A}.Debug|linux-x64.Build.0 = Debug|x64
		{1899C17C-1FA4-4807-B90E-0336C5748C1A}.Debug|mac-x64.ActiveCfg = Debug|x64
		{1899C17C-1FA4-4807-B90E-0336C5748C1A}.Debug|mac-x64.Build.0 = Debug|x64
		{1899C17C-1FA4-4807-B90E-0336C5748C1A}.Debug|win-x64.ActiveCfg = Debug|x64
		{1899C17C-1FA4-4807-B90E-0336C5748C1A}.Debug|win-x64.Build.0 = Debug|x64
		{1899C17C-1FA4-4807-B90E-0336C5748C1A}.Release|linux-x64.ActiveCfg = Release|x64
		{1899C17C-1FA4-4807-B90E-0336C5748C1A}.Release|linux-x64.Build.0 = Release|x64
		{1899C17C-1FA4-4807-B90E-0336C5748C1A}.Release|mac-x64.ActiveCfg = Release|x64
		{1899C17C-1FA4-4807-B90E-0336C5748C1A}.Release|mac-x64.Build.0 = Release|x64
		{1899C17C-1FA4-4807-B90E-0336C5748C1A}.Release|win-x64.ActiveCfg = Release|x64
		{1899C17C-1FA4-4807-B90E-0336C5748C1A}.Release|win-x64.Build.0 = Release|x64
		{2F7515AD-18E3-4ACA-A14B-1929F76299E7}.Debug|linux-x64.ActiveCfg = Debug|x64
		{2F7515AD-18E3-4ACA-A14B-1929F76299E7}.Debug|linux-x64.Build.0 = Debug|x64
		{2F7515AD-18E3-4ACA-A14B-1929F76299E7}.Debug|mac-x64.ActiveCfg = Debug|x64
		{2F7515AD-18E3-4ACA-A14B-1929F76299E7}.Debug|mac-x64.Build.0 = Debug|x64
		{2F7515AD-18E3-4ACA-A14B-1929F76299E7}.Debug|win-x64.ActiveCfg = Debug|x64
		{2F7515AD-18E3-4ACA-A14B-1929F76299E7}.Debug|win-x64.Build.0 = Debug|x64
		{2F7515AD-18E3-4ACA-A14B-1929F76299E7}.Release|linux-x64.ActiveCfg = Release|x64
		{2F7515AD-18E3-4ACA-A14B-1929F76299E7}.Release|linux-x64.Build.0 = Release|x64
		{2F7515AD-18E3-4ACA-A14B-1929F76299E7}.Release|mac-x64.ActiveCfg = Release|x64
		{2F7515AD-18E3-4ACA-A14B-1929F76299E7}.Release|mac-x64.Build.0 = Release|x64
		{2F7515AD-18E3-4ACA-A14B-1929F76299E7}.Release|win-x64.ActiveCfg = Release|x64
		{2F7515AD-18E3-4ACA-A14B-1929F76299E7}.Release|win-x64.Build.0 = Release|x64
	EndGlobalSection
	GlobalSection(SolutionProperties) = preSolution
		HideSolutionNode = FALSE
	EndGlobalSection
	GlobalSection(NestedProjects) = preSolution
		{EEBFCEE3-CFAC-4D2E-927F-8E24E07A4218} = {480EFA6E-4FEC-483A-8432-09964C3486E0}
		{E5DF8709-16D8-4357-976A-DF54AD3DDD66} = {480EFA6E-4FEC-483A-8432-09964C3486E0}
		{3B8C9AB8-2DC3-4655-BF67-AE2001D3B4F6} = {0C88588D-45B8-4AA9-8EEA-DB1A1BD19D19}
		{1899C17C-1FA4-4807-B90E-0336C5748C1A} = {0C88588D-45B8-4AA9-8EEA-DB1A1BD19D19}
		{2F7515AD-18E3-4ACA-A14B-1929F76299E7} = {0C88588D-45B8-4AA9-8EEA-DB1A1BD19D19}
	EndGlobalSection
	GlobalSection(ExtensibilityGlobals) = postSolution
		SolutionGuid = {836F0B44-1360-4E79-8ED9-F3D23C2ACEF5}
	EndGlobalSection
EndGlobal
